
Microsoft Visual Studio Solution File, Format Version 12.00
# Visual Studio 15
VisualStudioVersion = 15.0.28307.1259
MinimumVisualStudioVersion = 10.0.40219.1
Project("{FAE04EC0-301F-11D3-BF4B-00C04F79EFBC}") = "WindowsFormsApp1", "WindowsFormsApp1\WindowsFormsApp1.csproj", "{F4F96EC6-0269-4D15-A0A2-E08EC1420744}"
EndProject
Project("{FAE04EC0-301F-11D3-BF4B-00C04F79EFBC}") = "ConsoleApp1", "ConsoleApp1\ConsoleApp1.csproj", "{E0272120-1F58-4101-9DF0-95DDC3C89E23}"
EndProject
Global
	GlobalSection(SolutionConfigurationPlatforms) = preSolution
		Debug|Any CPU = Debug|Any CPU
		Release|Any CPU = Release|Any CPU
	EndGlobalSection
	GlobalSection(ProjectConfigurationPlatforms) = postSolution
		{F4F96EC6-0269-4D15-A0A2-E08EC1420744}.Debug|Any CPU.ActiveCfg = Debug|Any CPU
		{F4F96EC6-0269-4D15-A0A2-E08EC1420744}.Debug|Any CPU.Build.0 = Debug|Any CPU
		{F4F96EC6-0269-4D15-A0A2-E08EC1420744}.Release|Any CPU.ActiveCfg = Release|Any CPU
		{F4F96EC6-0269-4D15-A0A2-E08EC1420744}.Release|Any CPU.Build.0 = Release|Any CPU
		{E0272120-1F58-4101-9DF0-95DDC3C89E23}.Debug|Any CPU.ActiveCfg = Debug|Any CPU
		{E0272120-1F58-4101-9DF0-95DDC3C89E23}.Debug|Any CPU.Build.0 = Debug|Any CPU
		{E0272120-1F58-4101-9DF0-95DDC3C89E23}.Release|Any CPU.ActiveCfg = Release|Any CPU
		{E0272120-1F58-4101-9DF0-95DDC3C89E23}.Release|Any CPU.Build.0 = Release|Any CPU
	EndGlobalSection
	GlobalSection(SolutionProperties) = preSolution
		HideSolutionNode = FALSE
	EndGlobalSection
	GlobalSection(ExtensibilityGlobals) = postSolution
		SolutionGuid = {903DECEC-FE94-4215-8C46-C72F84CF8346}
	EndGlobalSection
EndGlobal
